
Microsoft Visual Studio Solution File, Format Version 12.00
# Visual Studio Version 16
VisualStudioVersion = 16.0.31321.278
MinimumVisualStudioVersion = 10.0.40219.1
Project("{FAE04EC0-301F-11D3-BF4B-00C04F79EFBC}") = "TalkToAPI", "TalkToAPI\TalkToAPI.csproj", "{AEA29520-96CB-4074-B9DF-6BC22E88E90C}"
EndProject
Global
	GlobalSection(SolutionConfigurationPlatforms) = preSolution
		Debug|Any CPU = Debug|Any CPU
		Release|Any CPU = Release|Any CPU
	EndGlobalSection
	GlobalSection(ProjectConfigurationPlatforms) = postSolution
		{AEA29520-96CB-4074-B9DF-6BC22E88E90C}.Debug|Any CPU.ActiveCfg = Debug|Any CPU
		{AEA29520-96CB-4074-B9DF-6BC22E88E90C}.Debug|Any CPU.Build.0 = Debug|Any CPU
		{AEA29520-96CB-4074-B9DF-6BC22E88E90C}.Release|Any CPU.ActiveCfg = Release|Any CPU
		{AEA29520-96CB-4074-B9DF-6BC22E88E90C}.Release|Any CPU.Build.0 = Release|Any CPU
	EndGlobalSection
	GlobalSection(SolutionProperties) = preSolution
		HideSolutionNode = FALSE
	EndGlobalSection
	GlobalSection(ExtensibilityGlobals) = postSolution
		SolutionGuid = {DC151CEB-AFAC-407E-8539-360D9DBBC667}
	EndGlobalSection
EndGlobal
